
Microsoft Visual Studio Solution File, Format Version 12.00
# Visual Studio 15
VisualStudioVersion = 15.0.28010.2036
MinimumVisualStudioVersion = 10.0.40219.1
Project("{FAE04EC0-301F-11D3-BF4B-00C04F79EFBC}") = "DataMigration", "DataMigration\DataMigration.csproj", "{4A7F0E56-8C68-452D-86B2-4A5BD53DFDBB}"
EndProject
Global
	GlobalSection(SolutionConfigurationPlatforms) = preSolution
		Debug|Any CPU = Debug|Any CPU
		Release|Any CPU = Release|Any CPU
	EndGlobalSection
	GlobalSection(ProjectConfigurationPlatforms) = postSolution
		{4A7F0E56-8C68-452D-86B2-4A5BD53DFDBB}.Debug|Any CPU.ActiveCfg = Debug|Any CPU
		{4A7F0E56-8C68-452D-86B2-4A5BD53DFDBB}.Debug|Any CPU.Build.0 = Debug|Any CPU
		{4A7F0E56-8C68-452D-86B2-4A5BD53DFDBB}.Release|Any CPU.ActiveCfg = Release|Any CPU
		{4A7F0E56-8C68-452D-86B2-4A5BD53DFDBB}.Release|Any CPU.Build.0 = Release|Any CPU
	EndGlobalSection
	GlobalSection(SolutionProperties) = preSolution
		HideSolutionNode = FALSE
	EndGlobalSection
	GlobalSection(ExtensibilityGlobals) = postSolution
		SolutionGuid = {C3F507BD-C6AF-43BC-93C8-EF0DA52A9F7C}
	EndGlobalSection
EndGlobal
